// !$*UTF8*$!
{
	archiveVersion = 1;
	classes = {
	};
	objectVersion = 46;
	objects = {

/* Begin PBXBuildFile section */
		935727DC1BB469C600B24D96 /* AppDelegate.swift in Sources */ = {isa = PBXBuildFile; fileRef = 935727DB1BB469C600B24D96 /* AppDelegate.swift */; };
		935727E11BB469C600B24D96 /* Main.storyboard in Resources */ = {isa = PBXBuildFile; fileRef = 935727DF1BB469C600B24D96 /* Main.storyboard */; };
		935727E31BB469C600B24D96 /* Assets.xcassets in Resources */ = {isa = PBXBuildFile; fileRef = 935727E21BB469C600B24D96 /* Assets.xcassets */; };
		935727E61BB469C600B24D96 /* LaunchScreen.storyboard in Resources */ = {isa = PBXBuildFile; fileRef = 935727E41BB469C600B24D96 /* LaunchScreen.storyboard */; };
		935727EF1BB474C600B24D96 /* LayoutMarginsRespectingStackView.swift in Sources */ = {isa = PBXBuildFile; fileRef = 935727EE1BB474C600B24D96 /* LayoutMarginsRespectingStackView.swift */; };
		936C67071BBB14420005015E /* CodeStackViewController.swift in Sources */ = {isa = PBXBuildFile; fileRef = 936C67061BBB14420005015E /* CodeStackViewController.swift */; };
		936C67091BBB25700005015E /* PureCodeViewController.swift in Sources */ = {isa = PBXBuildFile; fileRef = 936C67081BBB25700005015E /* PureCodeViewController.swift */; };
		93F3D3A71BF7B439009D3E92 /* README.md in Sources */ = {isa = PBXBuildFile; fileRef = 93F3D3A61BF7B439009D3E92 /* README.md */; };
/* End PBXBuildFile section */

/* Begin PBXFileReference section */
		935727D81BB469C600B24D96 /* FuckingScrollViewAutoLayout.app */ = {isa = PBXFileReference; explicitFileType = wrapper.application; includeInIndex = 0; path = FuckingScrollViewAutoLayout.app; sourceTree = BUILT_PRODUCTS_DIR; };
		935727DB1BB469C600B24D96 /* AppDelegate.swift */ = {isa = PBXFileReference; lastKnownFileType = sourcecode.swift; path = AppDelegate.swift; sourceTree = "<group>"; };
		935727E01BB469C600B24D96 /* Base */ = {isa = PBXFileReference; lastKnownFileType = file.storyboard; name = Base; path = Base.lproj/Main.storyboard; sourceTree = "<group>"; };
		935727E21BB469C600B24D96 /* Assets.xcassets */ = {isa = PBXFileReference; lastKnownFileType = folder.assetcatalog; path = Assets.xcassets; sourceTree = "<group>"; };
		935727E51BB469C600B24D96 /* Base */ = {isa = PBXFileReference; lastKnownFileType = file.storyboard; name = Base; path = Base.lproj/LaunchScreen.storyboard; sourceTree = "<group>"; };
		935727E71BB469C600B24D96 /* Info.plist */ = {isa = PBXFileReference; lastKnownFileType = text.plist.xml; path = Info.plist; sourceTree = "<group>"; };
		935727EE1BB474C600B24D96 /* LayoutMarginsRespectingStackView.swift */ = {isa = PBXFileReference; fileEncoding = 4; lastKnownFileType = sourcecode.swift; path = LayoutMarginsRespectingStackView.swift; sourceTree = "<group>"; };
		936C67061BBB14420005015E /* CodeStackViewController.swift */ = {isa = PBXFileReference; fileEncoding = 4; lastKnownFileType = sourcecode.swift; path = CodeStackViewController.swift; sourceTree = "<group>"; };
		936C67081BBB25700005015E /* PureCodeViewController.swift */ = {isa = PBXFileReference; fileEncoding = 4; lastKnownFileType = sourcecode.swift; path = PureCodeViewController.swift; sourceTree = "<group>"; };
		93F3D3A61BF7B439009D3E92 /* README.md */ = {isa = PBXFileReference; fileEncoding = 4; lastKnownFileType = net.daringfireball.markdown; path = README.md; sourceTree = "<group>"; };
/* End PBXFileReference section */

/* Begin PBXFrameworksBuildPhase section */
		935727D51BB469C600B24D96 /* Frameworks */ = {
			isa = PBXFrameworksBuildPhase;
			buildActionMask = 2147483647;
			files = (
			);
			runOnlyForDeploymentPostprocessing = 0;
		};
/* End PBXFrameworksBuildPhase section */

/* Begin PBXGroup section */
		935727CF1BB469C600B24D96 = {
			isa = PBXGroup;
			children = (
				93F3D3A61BF7B439009D3E92 /* README.md */,
				935727DA1BB469C600B24D96 /* FuckingScrollViewAutoLayout */,
				935727D91BB469C600B24D96 /* Products */,
			);
			sourceTree = "<group>";
		};
		935727D91BB469C600B24D96 /* Products */ = {
			isa = PBXGroup;
			children = (
				935727D81BB469C600B24D96 /* FuckingScrollViewAutoLayout.app */,
			);
			name = Products;
			sourceTree = "<group>";
		};
		935727DA1BB469C600B24D96 /* FuckingScrollViewAutoLayout */ = {
			isa = PBXGroup;
			children = (
				935727DB1BB469C600B24D96 /* AppDelegate.swift */,
				936C67081BBB25700005015E /* PureCodeViewController.swift */,
				936C67061BBB14420005015E /* CodeStackViewController.swift */,
				935727EE1BB474C600B24D96 /* LayoutMarginsRespectingStackView.swift */,
				935727E21BB469C600B24D96 /* Assets.xcassets */,
				935727DF1BB469C600B24D96 /* Main.storyboard */,
				935727E41BB469C600B24D96 /* LaunchScreen.storyboard */,
				935727E71BB469C600B24D96 /* Info.plist */,
			);
			path = FuckingScrollViewAutoLayout;
			sourceTree = "<group>";
		};
/* End PBXGroup section */

/* Begin PBXNativeTarget section */
		935727D71BB469C600B24D96 /* FuckingScrollViewAutoLayout */ = {
			isa = PBXNativeTarget;
			buildConfigurationList = 935727EA1BB469C600B24D96 /* Build configuration list for PBXNativeTarget "FuckingScrollViewAutoLayout" */;
			buildPhases = (
				935727D41BB469C600B24D96 /* Sources */,
				935727D51BB469C600B24D96 /* Frameworks */,
				935727D61BB469C600B24D96 /* Resources */,
			);
			buildRules = (
			);
			dependencies = (
			);
			name = FuckingScrollViewAutoLayout;
			productName = FuckingScrollViewAutoLayout;
			productReference = 935727D81BB469C600B24D96 /* FuckingScrollViewAutoLayout.app */;
			productType = "com.apple.product-type.application";
		};
/* End PBXNativeTarget section */

/* Begin PBXProject section */
		935727D01BB469C600B24D96 /* Project object */ = {
			isa = PBXProject;
			attributes = {
				LastUpgradeCheck = 0700;
				ORGANIZATIONNAME = "Apps and Wonders";
				TargetAttributes = {
					935727D71BB469C600B24D96 = {
						CreatedOnToolsVersion = 7.0;
					};
				};
			};
			buildConfigurationList = 935727D31BB469C600B24D96 /* Build configuration list for PBXProject "FuckingScrollViewAutoLayout" */;
			compatibilityVersion = "Xcode 3.2";
			developmentRegion = English;
			hasScannedForEncodings = 0;
			knownRegions = (
				en,
				Base,
			);
			mainGroup = 935727CF1BB469C600B24D96;
			productRefGroup = 935727D91BB469C600B24D96 /* Products */;
			projectDirPath = "";
			projectRoot = "";
			targets = (
				935727D71BB469C600B24D96 /* FuckingScrollViewAutoLayout */,
			);
		};
/* End PBXProject section */

/* Begin PBXResourcesBuildPhase section */
		935727D61BB469C600B24D96 /* Resources */ = {
			isa = PBXResourcesBuildPhase;
			buildActionMask = 2147483647;
			files = (
				935727E61BB469C600B24D96 /* LaunchScreen.storyboard in Resources */,
				935727E31BB469C600B24D96 /* Assets.xcassets in Resources */,
				935727E11BB469C600B24D96 /* Main.storyboard in Resources */,
			);
			runOnlyForDeploymentPostprocessing = 0;
		};
/* End PBXResourcesBuildPhase section */

/* Begin PBXSourcesBuildPhase section */
		935727D41BB469C600B24D96 /* Sources */ = {
			isa = PBXSourcesBuildPhase;
			buildActionMask = 2147483647;
			files = (
				935727EF1BB474C600B24D96 /* LayoutMarginsRespectingStackView.swift in Sources */,
				936C67071BBB14420005015E /* CodeStackViewController.swift in Sources */,
				93F3D3A71BF7B439009D3E92 /* README.md in Sources */,
				935727DC1BB469C600B24D96 /* AppDelegate.swift in Sources */,
				936C67091BBB25700005015E /* PureCodeViewController.swift in Sources */,
			);
			runOnlyForDeploymentPostprocessing = 0;
		};
/* End PBXSourcesBuildPhase section */

/* Begin PBXVariantGroup section */
		935727DF1BB469C600B24D96 /* Main.storyboard */ = {
			isa = PBXVariantGroup;
			children = (
				935727E01BB469C600B24D96 /* Base */,
			);
			name = Main.storyboard;
			sourceTree = "<group>";
		};
		935727E41BB469C600B24D96 /* LaunchScreen.storyboard */ = {
			isa = PBXVariantGroup;
			children = (
				935727E51BB469C600B24D96 /* Base */,
			);
			name = LaunchScreen.storyboard;
			sourceTree = "<group>";
		};
/* End PBXVariantGroup section */

/* Begin XCBuildConfiguration section */
		935727E81BB469C600B24D96 /* Debug */ = {
			isa = XCBuildConfiguration;
			buildSettings = {
				ALWAYS_SEARCH_USER_PATHS = NO;
				CLANG_CXX_LANGUAGE_STANDARD = "gnu++0x";
				CLANG_CXX_LIBRARY = "libc++";
				CLANG_ENABLE_MODULES = YES;
				CLANG_ENABLE_OBJC_ARC = YES;
				CLANG_WARN_BOOL_CONVERSION = YES;
				CLANG_WARN_CONSTANT_CONVERSION = YES;
				CLANG_WARN_DIRECT_OBJC_ISA_USAGE = YES_ERROR;
				CLANG_WARN_EMPTY_BODY = YES;
				CLANG_WARN_ENUM_CONVERSION = YES;
				CLANG_WARN_INT_CONVERSION = YES;
				CLANG_WARN_OBJC_ROOT_CLASS = YES_ERROR;
				CLANG_WARN_UNREACHABLE_CODE = YES;
				CLANG_WARN__DUPLICATE_METHOD_MATCH = YES;
				"CODE_SIGN_IDENTITY[sdk=iphoneos*]" = "iPhone Developer";
				COPY_PHASE_STRIP = NO;
				DEBUG_INFORMATION_FORMAT = dwarf;
				ENABLE_STRICT_OBJC_MSGSEND = YES;
				ENABLE_TESTABILITY = YES;
				GCC_C_LANGUAGE_STANDARD = gnu99;
				GCC_DYNAMIC_NO_PIC = NO;
				GCC_NO_COMMON_BLOCKS = YES;
				GCC_OPTIMIZATION_LEVEL = 0;
				GCC_PREPROCESSOR_DEFINITIONS = (
					"DEBUG=1",
					"$(inherited)",
				);
				GCC_WARN_64_TO_32_BIT_CONVERSION = YES;
				GCC_WARN_ABOUT_RETURN_TYPE = YES_ERROR;
				GCC_WARN_UNDECLARED_SELECTOR = YES;
				GCC_WARN_UNINITIALIZED_AUTOS = YES_AGGRESSIVE;
				GCC_WARN_UNUSED_FUNCTION = YES;
				GCC_WARN_UNUSED_VARIABLE = YES;
				IPHONEOS_DEPLOYMENT_TARGET = 9.0;
				MTL_ENABLE_DEBUG_INFO = YES;
				ONLY_ACTIVE_ARCH = YES;
				SDKROOT = iphoneos;
				SWIFT_OPTIMIZATION_LEVEL = "-Onone";
				TARGETED_DEVICE_FAMILY = "1,2";
			};
			name = Debug;
		};
		935727E91BB469C600B24D96 /* Release */ = {
			isa = XCBuildConfiguration;
			buildSettings = {
				ALWAYS_SEARCH_USER_PATHS = NO;
				CLANG_CXX_LANGUAGE_STANDARD = "gnu++0x";
				CLANG_CXX_LIBRARY = "libc++";
				CLANG_ENABLE_MODULES = YES;
				CLANG_ENABLE_OBJC_ARC = YES;
				CLANG_WARN_BOOL_CONVERSION = YES;
				CLANG_WARN_CONSTANT_CONVERSION = YES;
				CLANG_WARN_DIRECT_OBJC_ISA_USAGE = YES_ERROR;
				CLANG_WARN_EMPTY_BODY = YES;
				CLANG_WARN_ENUM_CONVERSION = YES;
				CLANG_WARN_INT_CONVERSION = YES;
				CLANG_WARN_OBJC_ROOT_CLASS = YES_ERROR;
				CLANG_WARN_UNREACHABLE_CODE = YES;
				CLANG_WARN__DUPLICATE_METHOD_MATCH = YES;
				"CODE_SIGN_IDENTITY[sdk=iphoneos*]" = "iPhone Developer";
				COPY_PHASE_STRIP = NO;
				DEBUG_INFORMATION_FORMAT = "dwarf-with-dsym";
				ENABLE_NS_ASSERTIONS = NO;
				ENABLE_STRICT_OBJC_MSGSEND = YES;
				GCC_C_LANGUAGE_STANDARD = gnu99;
				GCC_NO_COMMON_BLOCKS = YES;
				GCC_WARN_64_TO_32_BIT_CONVERSION = YES;
				GCC_WARN_ABOUT_RETURN_TYPE = YES_ERROR;
				GCC_WARN_UNDECLARED_SELECTOR = YES;
				GCC_WARN_UNINITIALIZED_AUTOS = YES_AGGRESSIVE;
				GCC_WARN_UNUSED_FUNCTION = YES;
				GCC_WARN_UNUSED_VARIABLE = YES;
				IPHONEOS_DEPLOYMENT_TARGET = 9.0;
				MTL_ENABLE_DEBUG_INFO = NO;
				SDKROOT = iphoneos;
				TARGETED_DEVICE_FAMILY = "1,2";
				VALIDATE_PRODUCT = YES;
			};
			name = Release;
		};
		935727EB1BB469C600B24D96 /* Debug */ = {
			isa = XCBuildConfiguration;
			buildSettings = {
				ASSETCATALOG_COMPILER_APPICON_NAME = AppIcon;
				INFOPLIST_FILE = FuckingScrollViewAutoLayout/Info.plist;
				LD_RUNPATH_SEARCH_PATHS = "$(inherited) @executable_path/Frameworks";
				PRODUCT_BUNDLE_IDENTIFIER = mralek.FuckingScrollViewAutoLayout;
				PRODUCT_NAME = "$(TARGET_NAME)";
			};
			name = Debug;
		};
		935727EC1BB469C600B24D96 /* Release */ = {
			isa = XCBuildConfiguration;
			buildSettings = {
				ASSETCATALOG_COMPILER_APPICON_NAME = AppIcon;
				INFOPLIST_FILE = FuckingScrollViewAutoLayout/Info.plist;
				LD_RUNPATH_SEARCH_PATHS = "$(inherited) @executable_path/Frameworks";
				PRODUCT_BUNDLE_IDENTIFIER = mralek.FuckingScrollViewAutoLayout;
				PRODUCT_NAME = "$(TARGET_NAME)";
			};
			name = Release;
		};
/* End XCBuildConfiguration section */

/* Begin XCConfigurationList section */
		935727D31BB469C600B24D96 /* Build configuration list for PBXProject "FuckingScrollViewAutoLayout" */ = {
			isa = XCConfigurationList;
			buildConfigurations = (
				935727E81BB469C600B24D96 /* Debug */,
				935727E91BB469C600B24D96 /* Release */,
			);
			defaultConfigurationIsVisible = 0;
			defaultConfigurationName = Release;
		};
		935727EA1BB469C600B24D96 /* Build configuration list for PBXNativeTarget "FuckingScrollViewAutoLayout" */ = {
			isa = XCConfigurationList;
			buildConfigurations = (
				935727EB1BB469C600B24D96 /* Debug */,
				935727EC1BB469C600B24D96 /* Release */,
			);
			defaultConfigurationIsVisible = 0;
			defaultConfigurationName = Release;
		};
/* End XCConfigurationList section */
	};
	rootObject = 935727D01BB469C600B24D96 /* Project object */;
}
